
Microsoft Visual Studio Solution File, Format Version 12.00
# Visual Studio Version 17
VisualStudioVersion = 17.1.32421.90
MinimumVisualStudioVersion = 10.0.40219.1
Project("{FAE04EC0-301F-11D3-BF4B-00C04F79EFBC}") = "TMNT_Pizza", "TMNT_Pizza\TMNT_Pizza.csproj", "{60DB09B8-769D-458B-A78E-A4BD7983C443}"
EndProject
Global
	GlobalSection(SolutionConfigurationPlatforms) = preSolution
		Debug|Any CPU = Debug|Any CPU
		Release|Any CPU = Release|Any CPU
	EndGlobalSection
	GlobalSection(ProjectConfigurationPlatforms) = postSolution
		{60DB09B8-769D-458B-A78E-A4BD7983C443}.Debug|Any CPU.ActiveCfg = Debug|Any CPU
		{60DB09B8-769D-458B-A78E-A4BD7983C443}.Debug|Any CPU.Build.0 = Debug|Any CPU
		{60DB09B8-769D-458B-A78E-A4BD7983C443}.Release|Any CPU.ActiveCfg = Release|Any CPU
		{60DB09B8-769D-458B-A78E-A4BD7983C443}.Release|Any CPU.Build.0 = Release|Any CPU
	EndGlobalSection
	GlobalSection(SolutionProperties) = preSolution
		HideSolutionNode = FALSE
	EndGlobalSection
	GlobalSection(ExtensibilityGlobals) = postSolution
		SolutionGuid = {301D4584-6557-45C2-996B-E17A4EC8B7B3}
	EndGlobalSection
EndGlobal
